
Microsoft Visual Studio Solution File, Format Version 12.00
# Visual Studio Version 16
VisualStudioVersion = 16.0.29613.14
MinimumVisualStudioVersion = 10.0.40219.1
Project("{FAE04EC0-301F-11D3-BF4B-00C04F79EFBC}") = "SignalRChat", "SignalRChat.csproj", "{B9845EF2-2069-4D43-94A1-1D810F01E333}"
EndProject
Global
	GlobalSection(SolutionConfigurationPlatforms) = preSolution
		Debug|Any CPU = Debug|Any CPU
		Release|Any CPU = Release|Any CPU
	EndGlobalSection
	GlobalSection(ProjectConfigurationPlatforms) = postSolution
		{B9845EF2-2069-4D43-94A1-1D810F01E333}.Debug|Any CPU.ActiveCfg = Debug|Any CPU
		{B9845EF2-2069-4D43-94A1-1D810F01E333}.Debug|Any CPU.Build.0 = Debug|Any CPU
		{B9845EF2-2069-4D43-94A1-1D810F01E333}.Release|Any CPU.ActiveCfg = Release|Any CPU
		{B9845EF2-2069-4D43-94A1-1D810F01E333}.Release|Any CPU.Build.0 = Release|Any CPU
	EndGlobalSection
	GlobalSection(SolutionProperties) = preSolution
		HideSolutionNode = FALSE
	EndGlobalSection
	GlobalSection(ExtensibilityGlobals) = postSolution
		SolutionGuid = {ACEC1C23-D21D-4262-AACC-0B25B2C062DE}
	EndGlobalSection
EndGlobal
